
Microsoft Visual Studio Solution File, Format Version 12.00
# Visual Studio 2012
Project("{8BC9CEB8-8B4A-11D0-8D11-00A0C91BC942}") = "openCV Project", "openCV Project\openCV Project.vcxproj", "{E8CF06A8-7366-4EEE-80FF-CC162D194259}"
EndProject
Global
	GlobalSection(SolutionConfigurationPlatforms) = preSolution
		Calibrate - Auto Capture|Win32 = Calibrate - Auto Capture|Win32
		Calibrate - Manual Capture|Win32 = Calibrate - Manual Capture|Win32
		Debug|Win32 = Debug|Win32
		Detect - Two Point Data|Win32 = Detect - Two Point Data|Win32
		Release|Win32 = Release|Win32
	EndGlobalSection
	GlobalSection(ProjectConfigurationPlatforms) = postSolution
		{E8CF06A8-7366-4EEE-80FF-CC162D194259}.Calibrate - Auto Capture|Win32.ActiveCfg = Release|Win32
		{E8CF06A8-7366-4EEE-80FF-CC162D194259}.Calibrate - Auto Capture|Win32.Build.0 = Release|Win32
		{E8CF06A8-7366-4EEE-80FF-CC162D194259}.Calibrate - Manual Capture|Win32.ActiveCfg = Release|Win32
		{E8CF06A8-7366-4EEE-80FF-CC162D194259}.Calibrate - Manual Capture|Win32.Build.0 = Release|Win32
		{E8CF06A8-7366-4EEE-80FF-CC162D194259}.Debug|Win32.ActiveCfg = Debug|Win32
		{E8CF06A8-7366-4EEE-80FF-CC162D194259}.Debug|Win32.Build.0 = Debug|Win32
		{E8CF06A8-7366-4EEE-80FF-CC162D194259}.Detect - Two Point Data|Win32.ActiveCfg = Debug|Win32
		{E8CF06A8-7366-4EEE-80FF-CC162D194259}.Detect - Two Point Data|Win32.Build.0 = Debug|Win32
		{E8CF06A8-7366-4EEE-80FF-CC162D194259}.Release|Win32.ActiveCfg = Release|Win32
		{E8CF06A8-7366-4EEE-80FF-CC162D194259}.Release|Win32.Build.0 = Release|Win32
	EndGlobalSection
	GlobalSection(SolutionProperties) = preSolution
		HideSolutionNode = FALSE
	EndGlobalSection
EndGlobal
